{
  "name": "ChatClient",
  "version": "1.0.0",
  "lockfileVersion": 1,
  "requires": true,
  "dependencies": {
    "centra": {
      "version": "2.2.0",
      "resolved": "https://registry.npmjs.org/centra/-/centra-2.2.0.tgz",
      "integrity": "sha512-iJ7ZztQUHG7h8Dw7+4bLzCX9PfsDiK2CPfuElOAmTOfAmmbfCDbngcYgeyQWFartWv7mhNUlbfHMVkF8gsa5xA=="
    },
    "ordin": {
      "version": "1.0.0",
      "resolved": "https://registry.npmjs.org/ordin/-/ordin-1.0.0.tgz",
      "integrity": "sha512-L7qmSUfZpyXmcaBVhgy2dAlFgkt6esOLdEyB0WEQrbYLDsC8eQ65eeg0nfHIeO7OTKMh30FNHGt/PymmJDFRhQ=="
    },
    "poky": {
      "version": "1.0.1",
      "resolved": "https://registry.npmjs.org/poky/-/poky-1.0.1.tgz",
      "integrity": "sha512-HOQRtgK2Z1ZGenhL6TFyCJfGDCbQW6V9rxaT3OoDkFQfHwx2Leg1UL3awJvqxZJGgfArffGQxOfRKElyjbPbBQ=="
    }
  }
}
